# This file was autogenerated by Stack.
# You should not edit this file by hand.
# For more information, please see the documentation at:
#   https://docs.haskellstack.org/en/stable/lock_files

packages:
- completed:
    hackage: SDL-0.6.7.0@sha256:9d6ba75c0cab575ec38468c8277803983e985f9622437aeca6a53e6a7337a7d5,2045
    pantry-tree:
      size: 1942
      sha256: c533e2572ee2ed4d48f8f0fa60efed32ff5eb5ab618fc8f72fdfa7321d186afc
  original:
    hackage: SDL-0.6.7.0@sha256:9d6ba75c0cab575ec38468c8277803983e985f9622437aeca6a53e6a7337a7d5,2045
- completed:
    hackage: SDL-gfx-0.7.0.0@sha256:0e3270407550e4a67012d42d45a2df373d628d128e176913d1399f33896e0978,1084
    pantry-tree:
      size: 736
      sha256: c4f0b36a7ae2982b3113a4ed257c7aad4a3d21e7c22ba598db2e7296f0cfc53b
  original:
    hackage: SDL-gfx-0.7.0.0@sha256:0e3270407550e4a67012d42d45a2df373d628d128e176913d1399f33896e0978,1084
- completed:
    hackage: random-extras-0.19@sha256:52579ee8653b17d8b19fb54833ecbab8df47b6cf61a77c9614df0c3155441d29,1137
    pantry-tree:
      size: 552
      sha256: 61daee57c0c3e55cb1056176c917bedb3b42315c023398c3f83c9bd75b5e891e
  original:
    hackage: random-extras-0.19@sha256:52579ee8653b17d8b19fb54833ecbab8df47b6cf61a77c9614df0c3155441d29,1137
snapshots:
- completed:
    size: 524996
    url: https://raw.githubusercontent.com/commercialhaskell/stackage-snapshots/master/lts/14/27.yaml
    sha256: 7ea31a280c56bf36ff591a7397cc384d0dff622e7f9e4225b47d8980f019a0f0
  original: lts-14.27
